// !$*UTF8*$!
{
	archiveVersion = 1;
	classes = {
	};
	objectVersion = 50;
	objects = {

/* Begin PBXBuildFile section */
		CC930AD9224E47A50064A541 /* WeakContainerTests.swift in Sources */ = {isa = PBXBuildFile; fileRef = CC930AD8224E47A50064A541 /* WeakContainerTests.swift */; };
		CC930ADB224E532C0064A541 /* URLExtensionsTests.swift in Sources */ = {isa = PBXBuildFile; fileRef = CC930ADA224E532C0064A541 /* URLExtensionsTests.swift */; };
		CC930ADD2250E7080064A541 /* BundleTests.swift in Sources */ = {isa = PBXBuildFile; fileRef = CC930ADC2250E7080064A541 /* BundleTests.swift */; };
		CC930AE02250F7100064A541 /* ApplicationRouterTests.swift in Sources */ = {isa = PBXBuildFile; fileRef = CC930ADF2250F7100064A541 /* ApplicationRouterTests.swift */; };
		CC930AE22251288C0064A541 /* ModuleTests.swift in Sources */ = {isa = PBXBuildFile; fileRef = CC930AE12251288C0064A541 /* ModuleTests.swift */; };
		CC930AE42251397E0064A541 /* DashboardTests.swift in Sources */ = {isa = PBXBuildFile; fileRef = CC930AE32251397E0064A541 /* DashboardTests.swift */; };
		CC930AE6225141990064A541 /* VCExtensionsTests.swift in Sources */ = {isa = PBXBuildFile; fileRef = CC930AE5225141990064A541 /* VCExtensionsTests.swift */; };
		CC930AF022514E200064A541 /* TestStoryboard.storyboard in Resources */ = {isa = PBXBuildFile; fileRef = CC930AEF22514E200064A541 /* TestStoryboard.storyboard */; };
		CCCF3CA62226F28B00A7DF69 /* MOA_Swift.framework in Frameworks */ = {isa = PBXBuildFile; fileRef = CCCF3C9C2226F28B00A7DF69 /* MOA_Swift.framework */; };
		CCCF3CAB2226F28B00A7DF69 /* MOA_SwiftTests.swift in Sources */ = {isa = PBXBuildFile; fileRef = CCCF3CAA2226F28B00A7DF69 /* MOA_SwiftTests.swift */; };
		CCCF3CAD2226F28B00A7DF69 /* MOA_Swift.h in Headers */ = {isa = PBXBuildFile; fileRef = CCCF3C9F2226F28B00A7DF69 /* MOA_Swift.h */; settings = {ATTRIBUTES = (Public, ); }; };
		CCCF3CBA2226F3E400A7DF69 /* WireframeType.swift in Sources */ = {isa = PBXBuildFile; fileRef = CCCF3CB72226F3E100A7DF69 /* WireframeType.swift */; };
		CCCF3CBB2226F3E400A7DF69 /* ApplicationRouter.swift in Sources */ = {isa = PBXBuildFile; fileRef = CCCF3CB82226F3E200A7DF69 /* ApplicationRouter.swift */; };
		CCCF3CBC2226F3E400A7DF69 /* Module.swift in Sources */ = {isa = PBXBuildFile; fileRef = CCCF3CB92226F3E300A7DF69 /* Module.swift */; };
		CCCF3CBE2226F3F000A7DF69 /* ApplicationServiceType.swift in Sources */ = {isa = PBXBuildFile; fileRef = CCCF3CBD2226F3EF00A7DF69 /* ApplicationServiceType.swift */; };
		CCCF3CC42226F6B900A7DF69 /* ServiceExample.swift in Sources */ = {isa = PBXBuildFile; fileRef = CCCF3CC32226F6B900A7DF69 /* ServiceExample.swift */; };
		CCCF3CC82226F7D800A7DF69 /* Dashboard2.json in Resources */ = {isa = PBXBuildFile; fileRef = CCCF3CC52226F7D800A7DF69 /* Dashboard2.json */; };
		CCCF3CC92226F7D800A7DF69 /* Dashboard.json in Resources */ = {isa = PBXBuildFile; fileRef = CCCF3CC62226F7D800A7DF69 /* Dashboard.json */; };
		CCCF3CCA2226F7D800A7DF69 /* Dashboard.swift in Sources */ = {isa = PBXBuildFile; fileRef = CCCF3CC72226F7D800A7DF69 /* Dashboard.swift */; };
		CCCF3CD1222729DB00A7DF69 /* URLExtensions.swift in Sources */ = {isa = PBXBuildFile; fileRef = CCCF3CCC222729DB00A7DF69 /* URLExtensions.swift */; };
		CCCF3CD2222729DB00A7DF69 /* Bundle.swift in Sources */ = {isa = PBXBuildFile; fileRef = CCCF3CCD222729DB00A7DF69 /* Bundle.swift */; };
		CCCF3CD3222729DB00A7DF69 /* VCExtensions.swift in Sources */ = {isa = PBXBuildFile; fileRef = CCCF3CCE222729DB00A7DF69 /* VCExtensions.swift */; };
		CCCF3CD4222729DB00A7DF69 /* WeakContainer.swift in Sources */ = {isa = PBXBuildFile; fileRef = CCCF3CCF222729DB00A7DF69 /* WeakContainer.swift */; };
		CCDE4F17224D042A003D0208 /* MockPayUseCase.json in Resources */ = {isa = PBXBuildFile; fileRef = CCDE4F14224D042A003D0208 /* MockPayUseCase.json */; };
		CCDE4F18224D042A003D0208 /* ApplicationServiceParserTests.swift in Sources */ = {isa = PBXBuildFile; fileRef = CCDE4F15224D042A003D0208 /* ApplicationServiceParserTests.swift */; };
		CCDE4F19224D042A003D0208 /* ApplicationServiceTests.swift in Sources */ = {isa = PBXBuildFile; fileRef = CCDE4F16224D042A003D0208 /* ApplicationServiceTests.swift */; };
/* End PBXBuildFile section */

/* Begin PBXContainerItemProxy section */
		CCCF3CA72226F28B00A7DF69 /* PBXContainerItemProxy */ = {
			isa = PBXContainerItemProxy;
			containerPortal = CCCF3C932226F28B00A7DF69 /* Project object */;
			proxyType = 1;
			remoteGlobalIDString = CCCF3C9B2226F28B00A7DF69;
			remoteInfo = "MOA-Swift";
		};
/* End PBXContainerItemProxy section */

/* Begin PBXFileReference section */
		CC930AD8224E47A50064A541 /* WeakContainerTests.swift */ = {isa = PBXFileReference; lastKnownFileType = sourcecode.swift; path = WeakContainerTests.swift; sourceTree = "<group>"; };
		CC930ADA224E532C0064A541 /* URLExtensionsTests.swift */ = {isa = PBXFileReference; lastKnownFileType = sourcecode.swift; path = URLExtensionsTests.swift; sourceTree = "<group>"; };
		CC930ADC2250E7080064A541 /* BundleTests.swift */ = {isa = PBXFileReference; lastKnownFileType = sourcecode.swift; path = BundleTests.swift; sourceTree = "<group>"; };
		CC930ADF2250F7100064A541 /* ApplicationRouterTests.swift */ = {isa = PBXFileReference; lastKnownFileType = sourcecode.swift; path = ApplicationRouterTests.swift; sourceTree = "<group>"; };
		CC930AE12251288C0064A541 /* ModuleTests.swift */ = {isa = PBXFileReference; lastKnownFileType = sourcecode.swift; path = ModuleTests.swift; sourceTree = "<group>"; };
		CC930AE32251397E0064A541 /* DashboardTests.swift */ = {isa = PBXFileReference; lastKnownFileType = sourcecode.swift; path = DashboardTests.swift; sourceTree = "<group>"; };
		CC930AE5225141990064A541 /* VCExtensionsTests.swift */ = {isa = PBXFileReference; lastKnownFileType = sourcecode.swift; path = VCExtensionsTests.swift; sourceTree = "<group>"; };
		CC930AEF22514E200064A541 /* TestStoryboard.storyboard */ = {isa = PBXFileReference; lastKnownFileType = file.storyboard; path = TestStoryboard.storyboard; sourceTree = "<group>"; };
		CCCF3C9C2226F28B00A7DF69 /* MOA_Swift.framework */ = {isa = PBXFileReference; explicitFileType = wrapper.framework; includeInIndex = 0; path = MOA_Swift.framework; sourceTree = BUILT_PRODUCTS_DIR; };
		CCCF3C9F2226F28B00A7DF69 /* MOA_Swift.h */ = {isa = PBXFileReference; lastKnownFileType = sourcecode.c.h; path = MOA_Swift.h; sourceTree = "<group>"; };
		CCCF3CA02226F28B00A7DF69 /* Info.plist */ = {isa = PBXFileReference; lastKnownFileType = text.plist.xml; path = Info.plist; sourceTree = "<group>"; };
		CCCF3CA52226F28B00A7DF69 /* MOA-SwiftTests.xctest */ = {isa = PBXFileReference; explicitFileType = wrapper.cfbundle; includeInIndex = 0; path = "MOA-SwiftTests.xctest"; sourceTree = BUILT_PRODUCTS_DIR; };
		CCCF3CAA2226F28B00A7DF69 /* MOA_SwiftTests.swift */ = {isa = PBXFileReference; lastKnownFileType = sourcecode.swift; path = MOA_SwiftTests.swift; sourceTree = "<group>"; };
		CCCF3CAC2226F28B00A7DF69 /* Info.plist */ = {isa = PBXFileReference; lastKnownFileType = text.plist.xml; path = Info.plist; sourceTree = "<group>"; };
		CCCF3CB72226F3E100A7DF69 /* WireframeType.swift */ = {isa = PBXFileReference; fileEncoding = 4; lastKnownFileType = sourcecode.swift; path = WireframeType.swift; sourceTree = "<group>"; };
		CCCF3CB82226F3E200A7DF69 /* ApplicationRouter.swift */ = {isa = PBXFileReference; fileEncoding = 4; lastKnownFileType = sourcecode.swift; path = ApplicationRouter.swift; sourceTree = "<group>"; };
		CCCF3CB92226F3E300A7DF69 /* Module.swift */ = {isa = PBXFileReference; fileEncoding = 4; lastKnownFileType = sourcecode.swift; path = Module.swift; sourceTree = "<group>"; };
		CCCF3CBD2226F3EF00A7DF69 /* ApplicationServiceType.swift */ = {isa = PBXFileReference; fileEncoding = 4; lastKnownFileType = sourcecode.swift; path = ApplicationServiceType.swift; sourceTree = "<group>"; };
		CCCF3CC32226F6B900A7DF69 /* ServiceExample.swift */ = {isa = PBXFileReference; lastKnownFileType = sourcecode.swift; path = ServiceExample.swift; sourceTree = "<group>"; };
		CCCF3CC52226F7D800A7DF69 /* Dashboard2.json */ = {isa = PBXFileReference; fileEncoding = 4; lastKnownFileType = text.json; path = Dashboard2.json; sourceTree = "<group>"; };
		CCCF3CC62226F7D800A7DF69 /* Dashboard.json */ = {isa = PBXFileReference; fileEncoding = 4; lastKnownFileType = text.json; path = Dashboard.json; sourceTree = "<group>"; };
		CCCF3CC72226F7D800A7DF69 /* Dashboard.swift */ = {isa = PBXFileReference; fileEncoding = 4; lastKnownFileType = sourcecode.swift; path = Dashboard.swift; sourceTree = "<group>"; };
		CCCF3CCC222729DB00A7DF69 /* URLExtensions.swift */ = {isa = PBXFileReference; fileEncoding = 4; lastKnownFileType = sourcecode.swift; path = URLExtensions.swift; sourceTree = "<group>"; };
		CCCF3CCD222729DB00A7DF69 /* Bundle.swift */ = {isa = PBXFileReference; fileEncoding = 4; lastKnownFileType = sourcecode.swift; path = Bundle.swift; sourceTree = "<group>"; };
		CCCF3CCE222729DB00A7DF69 /* VCExtensions.swift */ = {isa = PBXFileReference; fileEncoding = 4; lastKnownFileType = sourcecode.swift; path = VCExtensions.swift; sourceTree = "<group>"; };
		CCCF3CCF222729DB00A7DF69 /* WeakContainer.swift */ = {isa = PBXFileReference; fileEncoding = 4; lastKnownFileType = sourcecode.swift; path = WeakContainer.swift; sourceTree = "<group>"; };
		CCDE4F14224D042A003D0208 /* MockPayUseCase.json */ = {isa = PBXFileReference; fileEncoding = 4; lastKnownFileType = text.json; path = MockPayUseCase.json; sourceTree = "<group>"; };
		CCDE4F15224D042A003D0208 /* ApplicationServiceParserTests.swift */ = {isa = PBXFileReference; fileEncoding = 4; lastKnownFileType = sourcecode.swift; path = ApplicationServiceParserTests.swift; sourceTree = "<group>"; };
		CCDE4F16224D042A003D0208 /* ApplicationServiceTests.swift */ = {isa = PBXFileReference; fileEncoding = 4; lastKnownFileType = sourcecode.swift; path = ApplicationServiceTests.swift; sourceTree = "<group>"; };
/* End PBXFileReference section */

/* Begin PBXFrameworksBuildPhase section */
		CCCF3C992226F28B00A7DF69 /* Frameworks */ = {
			isa = PBXFrameworksBuildPhase;
			buildActionMask = 2147483647;
			files = (
			);
			runOnlyForDeploymentPostprocessing = 0;
		};
		CCCF3CA22226F28B00A7DF69 /* Frameworks */ = {
			isa = PBXFrameworksBuildPhase;
			buildActionMask = 2147483647;
			files = (
				CCCF3CA62226F28B00A7DF69 /* MOA_Swift.framework in Frameworks */,
			);
			runOnlyForDeploymentPostprocessing = 0;
		};
/* End PBXFrameworksBuildPhase section */

/* Begin PBXGroup section */
		CC930AD7224E47840064A541 /* Helpers */ = {
			isa = PBXGroup;
			children = (
				CC930AD8224E47A50064A541 /* WeakContainerTests.swift */,
				CC930ADA224E532C0064A541 /* URLExtensionsTests.swift */,
				CC930ADC2250E7080064A541 /* BundleTests.swift */,
				CC930AE5225141990064A541 /* VCExtensionsTests.swift */,
				CC930AEF22514E200064A541 /* TestStoryboard.storyboard */,
			);
			path = Helpers;
			sourceTree = "<group>";
		};
		CC930ADE2250F6E70064A541 /* Routing */ = {
			isa = PBXGroup;
			children = (
				CC930ADF2250F7100064A541 /* ApplicationRouterTests.swift */,
				CC930AE12251288C0064A541 /* ModuleTests.swift */,
			);
			path = Routing;
			sourceTree = "<group>";
		};
		CCCF3C922226F28B00A7DF69 = {
			isa = PBXGroup;
			children = (
				CCCF3C9E2226F28B00A7DF69 /* MOA-Swift */,
				CCCF3CA92226F28B00A7DF69 /* MOA-SwiftTests */,
				CCCF3C9D2226F28B00A7DF69 /* Products */,
			);
			sourceTree = "<group>";
		};
		CCCF3C9D2226F28B00A7DF69 /* Products */ = {
			isa = PBXGroup;
			children = (
				CCCF3C9C2226F28B00A7DF69 /* MOA_Swift.framework */,
				CCCF3CA52226F28B00A7DF69 /* MOA-SwiftTests.xctest */,
			);
			name = Products;
			sourceTree = "<group>";
		};
		CCCF3C9E2226F28B00A7DF69 /* MOA-Swift */ = {
			isa = PBXGroup;
			children = (
				CCCF3CCB2227297300A7DF69 /* Helpers */,
				CCCF3CBF2226F4B700A7DF69 /* Application Services */,
				CCCF3CB62226F3BD00A7DF69 /* Routing */,
				CCCF3C9F2226F28B00A7DF69 /* MOA_Swift.h */,
				CCCF3CA02226F28B00A7DF69 /* Info.plist */,
			);
			path = "MOA-Swift";
			sourceTree = "<group>";
		};
		CCCF3CA92226F28B00A7DF69 /* MOA-SwiftTests */ = {
			isa = PBXGroup;
			children = (
				CC930AD7224E47840064A541 /* Helpers */,
				CCDE4F13224D0401003D0208 /* Application Services */,
				CC930ADE2250F6E70064A541 /* Routing */,
				CCCF3CAA2226F28B00A7DF69 /* MOA_SwiftTests.swift */,
				CCCF3CAC2226F28B00A7DF69 /* Info.plist */,
			);
			path = "MOA-SwiftTests";
			sourceTree = "<group>";
		};
		CCCF3CB62226F3BD00A7DF69 /* Routing */ = {
			isa = PBXGroup;
			children = (
				CCCF3CB82226F3E200A7DF69 /* ApplicationRouter.swift */,
				CCCF3CB92226F3E300A7DF69 /* Module.swift */,
				CCCF3CB72226F3E100A7DF69 /* WireframeType.swift */,
			);
			path = Routing;
			sourceTree = "<group>";
		};
		CCCF3CBF2226F4B700A7DF69 /* Application Services */ = {
			isa = PBXGroup;
			children = (
				CCCF3CC02226F63300A7DF69 /* Examples */,
				CCCF3CBD2226F3EF00A7DF69 /* ApplicationServiceType.swift */,
			);
			path = "Application Services";
			sourceTree = "<group>";
		};
		CCCF3CC02226F63300A7DF69 /* Examples */ = {
			isa = PBXGroup;
			children = (
				CCCF3CC22226F68200A7DF69 /* Dynamic Services */,
				CCCF3CC12226F66200A7DF69 /* Hardcoded Services */,
			);
			path = Examples;
			sourceTree = "<group>";
		};
		CCCF3CC12226F66200A7DF69 /* Hardcoded Services */ = {
			isa = PBXGroup;
			children = (
				CCCF3CC32226F6B900A7DF69 /* ServiceExample.swift */,
			);
			path = "Hardcoded Services";
			sourceTree = "<group>";
		};
		CCCF3CC22226F68200A7DF69 /* Dynamic Services */ = {
			isa = PBXGroup;
			children = (
				CCCF3CC72226F7D800A7DF69 /* Dashboard.swift */,
				CCCF3CC62226F7D800A7DF69 /* Dashboard.json */,
				CCCF3CC52226F7D800A7DF69 /* Dashboard2.json */,
			);
			path = "Dynamic Services";
			sourceTree = "<group>";
		};
		CCCF3CCB2227297300A7DF69 /* Helpers */ = {
			isa = PBXGroup;
			children = (
				CCCF3CCD222729DB00A7DF69 /* Bundle.swift */,
				CCCF3CCC222729DB00A7DF69 /* URLExtensions.swift */,
				CCCF3CCE222729DB00A7DF69 /* VCExtensions.swift */,
				CCCF3CCF222729DB00A7DF69 /* WeakContainer.swift */,
			);
			path = Helpers;
			sourceTree = "<group>";
		};
		CCDE4F13224D0401003D0208 /* Application Services */ = {
			isa = PBXGroup;
			children = (
				CCDE4F15224D042A003D0208 /* ApplicationServiceParserTests.swift */,
				CCDE4F16224D042A003D0208 /* ApplicationServiceTests.swift */,
				CCDE4F14224D042A003D0208 /* MockPayUseCase.json */,
				CC930AE32251397E0064A541 /* DashboardTests.swift */,
			);
			path = "Application Services";
			sourceTree = "<group>";
		};
/* End PBXGroup section */

/* Begin PBXHeadersBuildPhase section */
		CCCF3C972226F28B00A7DF69 /* Headers */ = {
			isa = PBXHeadersBuildPhase;
			buildActionMask = 2147483647;
			files = (
				CCCF3CAD2226F28B00A7DF69 /* MOA_Swift.h in Headers */,
			);
			runOnlyForDeploymentPostprocessing = 0;
		};
/* End PBXHeadersBuildPhase section */

/* Begin PBXNativeTarget section */
		CCCF3C9B2226F28B00A7DF69 /* MOA-Swift */ = {
			isa = PBXNativeTarget;
			buildConfigurationList = CCCF3CB02226F28B00A7DF69 /* Build configuration list for PBXNativeTarget "MOA-Swift" */;
			buildPhases = (
				CCCF3C972226F28B00A7DF69 /* Headers */,
				CCCF3C982226F28B00A7DF69 /* Sources */,
				CCCF3C992226F28B00A7DF69 /* Frameworks */,
				CCCF3C9A2226F28B00A7DF69 /* Resources */,
			);
			buildRules = (
			);
			dependencies = (
			);
			name = "MOA-Swift";
			productName = "MOA-Swift";
			productReference = CCCF3C9C2226F28B00A7DF69 /* MOA_Swift.framework */;
			productType = "com.apple.product-type.framework";
		};
		CCCF3CA42226F28B00A7DF69 /* MOA-SwiftTests */ = {
			isa = PBXNativeTarget;
			buildConfigurationList = CCCF3CB32226F28B00A7DF69 /* Build configuration list for PBXNativeTarget "MOA-SwiftTests" */;
			buildPhases = (
				CCCF3CA12226F28B00A7DF69 /* Sources */,
				CCCF3CA22226F28B00A7DF69 /* Frameworks */,
				CCCF3CA32226F28B00A7DF69 /* Resources */,
			);
			buildRules = (
			);
			dependencies = (
				CCCF3CA82226F28B00A7DF69 /* PBXTargetDependency */,
			);
			name = "MOA-SwiftTests";
			productName = "MOA-SwiftTests";
			productReference = CCCF3CA52226F28B00A7DF69 /* MOA-SwiftTests.xctest */;
			productType = "com.apple.product-type.bundle.unit-test";
		};
/* End PBXNativeTarget section */

/* Begin PBXProject section */
		CCCF3C932226F28B00A7DF69 /* Project object */ = {
			isa = PBXProject;
			attributes = {
				LastSwiftUpdateCheck = 1010;
				LastUpgradeCheck = 1010;
				ORGANIZATIONNAME = "Mladen Despotovic";
				TargetAttributes = {
					CCCF3C9B2226F28B00A7DF69 = {
						CreatedOnToolsVersion = 10.1;
						LastSwiftMigration = 1010;
					};
					CCCF3CA42226F28B00A7DF69 = {
						CreatedOnToolsVersion = 10.1;
					};
				};
			};
			buildConfigurationList = CCCF3C962226F28B00A7DF69 /* Build configuration list for PBXProject "MOA-Swift" */;
			compatibilityVersion = "Xcode 9.3";
			developmentRegion = en;
			hasScannedForEncodings = 0;
			knownRegions = (
				en,
			);
			mainGroup = CCCF3C922226F28B00A7DF69;
			productRefGroup = CCCF3C9D2226F28B00A7DF69 /* Products */;
			projectDirPath = "";
			projectRoot = "";
			targets = (
				CCCF3C9B2226F28B00A7DF69 /* MOA-Swift */,
				CCCF3CA42226F28B00A7DF69 /* MOA-SwiftTests */,
			);
		};
/* End PBXProject section */

/* Begin PBXResourcesBuildPhase section */
		CCCF3C9A2226F28B00A7DF69 /* Resources */ = {
			isa = PBXResourcesBuildPhase;
			buildActionMask = 2147483647;
			files = (
				CCCF3CC92226F7D800A7DF69 /* Dashboard.json in Resources */,
				CCCF3CC82226F7D800A7DF69 /* Dashboard2.json in Resources */,
			);
			runOnlyForDeploymentPostprocessing = 0;
		};
		CCCF3CA32226F28B00A7DF69 /* Resources */ = {
			isa = PBXResourcesBuildPhase;
			buildActionMask = 2147483647;
			files = (
				CCDE4F17224D042A003D0208 /* MockPayUseCase.json in Resources */,
				CC930AF022514E200064A541 /* TestStoryboard.storyboard in Resources */,
			);
			runOnlyForDeploymentPostprocessing = 0;
		};
/* End PBXResourcesBuildPhase section */

/* Begin PBXSourcesBuildPhase section */
		CCCF3C982226F28B00A7DF69 /* Sources */ = {
			isa = PBXSourcesBuildPhase;
			buildActionMask = 2147483647;
			files = (
				CCCF3CD1222729DB00A7DF69 /* URLExtensions.swift in Sources */,
				CCCF3CD4222729DB00A7DF69 /* WeakContainer.swift in Sources */,
				CCCF3CD2222729DB00A7DF69 /* Bundle.swift in Sources */,
				CCCF3CD3222729DB00A7DF69 /* VCExtensions.swift in Sources */,
				CCCF3CC42226F6B900A7DF69 /* ServiceExample.swift in Sources */,
				CCCF3CBE2226F3F000A7DF69 /* ApplicationServiceType.swift in Sources */,
				CCCF3CBA2226F3E400A7DF69 /* WireframeType.swift in Sources */,
				CCCF3CBB2226F3E400A7DF69 /* ApplicationRouter.swift in Sources */,
				CCCF3CCA2226F7D800A7DF69 /* Dashboard.swift in Sources */,
				CCCF3CBC2226F3E400A7DF69 /* Module.swift in Sources */,
			);
			runOnlyForDeploymentPostprocessing = 0;
		};
		CCCF3CA12226F28B00A7DF69 /* Sources */ = {
			isa = PBXSourcesBuildPhase;
			buildActionMask = 2147483647;
			files = (
				CC930ADB224E532C0064A541 /* URLExtensionsTests.swift in Sources */,
				CC930AE02250F7100064A541 /* ApplicationRouterTests.swift in Sources */,
				CC930AE6225141990064A541 /* VCExtensionsTests.swift in Sources */,
				CC930ADD2250E7080064A541 /* BundleTests.swift in Sources */,
				CCDE4F19224D042A003D0208 /* ApplicationServiceTests.swift in Sources */,
				CC930AD9224E47A50064A541 /* WeakContainerTests.swift in Sources */,
				CC930AE22251288C0064A541 /* ModuleTests.swift in Sources */,
				CCCF3CAB2226F28B00A7DF69 /* MOA_SwiftTests.swift in Sources */,
				CCDE4F18224D042A003D0208 /* ApplicationServiceParserTests.swift in Sources */,
				CC930AE42251397E0064A541 /* DashboardTests.swift in Sources */,
			);
			runOnlyForDeploymentPostprocessing = 0;
		};
/* End PBXSourcesBuildPhase section */

/* Begin PBXTargetDependency section */
		CCCF3CA82226F28B00A7DF69 /* PBXTargetDependency */ = {
			isa = PBXTargetDependency;
			target = CCCF3C9B2226F28B00A7DF69 /* MOA-Swift */;
			targetProxy = CCCF3CA72226F28B00A7DF69 /* PBXContainerItemProxy */;
		};
/* End PBXTargetDependency section */

/* Begin XCBuildConfiguration section */
		CCCF3CAE2226F28B00A7DF69 /* Debug */ = {
			isa = XCBuildConfiguration;
			buildSettings = {
				ALWAYS_SEARCH_USER_PATHS = NO;
				CLANG_ANALYZER_NONNULL = YES;
				CLANG_ANALYZER_NUMBER_OBJECT_CONVERSION = YES_AGGRESSIVE;
				CLANG_CXX_LANGUAGE_STANDARD = "gnu++14";
				CLANG_CXX_LIBRARY = "libc++";
				CLANG_ENABLE_MODULES = YES;
				CLANG_ENABLE_OBJC_ARC = YES;
				CLANG_ENABLE_OBJC_WEAK = YES;
				CLANG_WARN_BLOCK_CAPTURE_AUTORELEASING = YES;
				CLANG_WARN_BOOL_CONVERSION = YES;
				CLANG_WARN_COMMA = YES;
				CLANG_WARN_CONSTANT_CONVERSION = YES;
				CLANG_WARN_DEPRECATED_OBJC_IMPLEMENTATIONS = YES;
				CLANG_WARN_DIRECT_OBJC_ISA_USAGE = YES_ERROR;
				CLANG_WARN_DOCUMENTATION_COMMENTS = YES;
				CLANG_WARN_EMPTY_BODY = YES;
				CLANG_WARN_ENUM_CONVERSION = YES;
				CLANG_WARN_INFINITE_RECURSION = YES;
				CLANG_WARN_INT_CONVERSION = YES;
				CLANG_WARN_NON_LITERAL_NULL_CONVERSION = YES;
				CLANG_WARN_OBJC_IMPLICIT_RETAIN_SELF = YES;
				CLANG_WARN_OBJC_LITERAL_CONVERSION = YES;
				CLANG_WARN_OBJC_ROOT_CLASS = YES_ERROR;
				CLANG_WARN_RANGE_LOOP_ANALYSIS = YES;
				CLANG_WARN_STRICT_PROTOTYPES = YES;
				CLANG_WARN_SUSPICIOUS_MOVE = YES;
				CLANG_WARN_UNGUARDED_AVAILABILITY = YES_AGGRESSIVE;
				CLANG_WARN_UNREACHABLE_CODE = YES;
				CLANG_WARN__DUPLICATE_METHOD_MATCH = YES;
				CODE_SIGN_IDENTITY = "iPhone Developer";
				COPY_PHASE_STRIP = NO;
				CURRENT_PROJECT_VERSION = 1;
				DEBUG_INFORMATION_FORMAT = dwarf;
				ENABLE_STRICT_OBJC_MSGSEND = YES;
				ENABLE_TESTABILITY = YES;
				GCC_C_LANGUAGE_STANDARD = gnu11;
				GCC_DYNAMIC_NO_PIC = NO;
				GCC_NO_COMMON_BLOCKS = YES;
				GCC_OPTIMIZATION_LEVEL = 0;
				GCC_PREPROCESSOR_DEFINITIONS = (
					"DEBUG=1",
					"$(inherited)",
				);
				GCC_WARN_64_TO_32_BIT_CONVERSION = YES;
				GCC_WARN_ABOUT_RETURN_TYPE = YES_ERROR;
				GCC_WARN_UNDECLARED_SELECTOR = YES;
				GCC_WARN_UNINITIALIZED_AUTOS = YES_AGGRESSIVE;
				GCC_WARN_UNUSED_FUNCTION = YES;
				GCC_WARN_UNUSED_VARIABLE = YES;
				IPHONEOS_DEPLOYMENT_TARGET = 12.1;
				MTL_ENABLE_DEBUG_INFO = INCLUDE_SOURCE;
				MTL_FAST_MATH = YES;
				ONLY_ACTIVE_ARCH = YES;
				SDKROOT = iphoneos;
				SWIFT_ACTIVE_COMPILATION_CONDITIONS = DEBUG;
				SWIFT_OPTIMIZATION_LEVEL = "-Onone";
				VERSIONING_SYSTEM = "apple-generic";
				VERSION_INFO_PREFIX = "";
			};
			name = Debug;
		};
		CCCF3CAF2226F28B00A7DF69 /* Release */ = {
			isa = XCBuildConfiguration;
			buildSettings = {
				ALWAYS_SEARCH_USER_PATHS = NO;
				CLANG_ANALYZER_NONNULL = YES;
				CLANG_ANALYZER_NUMBER_OBJECT_CONVERSION = YES_AGGRESSIVE;
				CLANG_CXX_LANGUAGE_STANDARD = "gnu++14";
				CLANG_CXX_LIBRARY = "libc++";
				CLANG_ENABLE_MODULES = YES;
				CLANG_ENABLE_OBJC_ARC = YES;
				CLANG_ENABLE_OBJC_WEAK = YES;
				CLANG_WARN_BLOCK_CAPTURE_AUTORELEASING = YES;
				CLANG_WARN_BOOL_CONVERSION = YES;
				CLANG_WARN_COMMA = YES;
				CLANG_WARN_CONSTANT_CONVERSION = YES;
				CLANG_WARN_DEPRECATED_OBJC_IMPLEMENTATIONS = YES;
				CLANG_WARN_DIRECT_OBJC_ISA_USAGE = YES_ERROR;
				CLANG_WARN_DOCUMENTATION_COMMENTS = YES;
				CLANG_WARN_EMPTY_BODY = YES;
				CLANG_WARN_ENUM_CONVERSION = YES;
				CLANG_WARN_INFINITE_RECURSION = YES;
				CLANG_WARN_INT_CONVERSION = YES;
				CLANG_WARN_NON_LITERAL_NULL_CONVERSION = YES;
				CLANG_WARN_OBJC_IMPLICIT_RETAIN_SELF = YES;
				CLANG_WARN_OBJC_LITERAL_CONVERSION = YES;
				CLANG_WARN_OBJC_ROOT_CLASS = YES_ERROR;
				CLANG_WARN_RANGE_LOOP_ANALYSIS = YES;
				CLANG_WARN_STRICT_PROTOTYPES = YES;
				CLANG_WARN_SUSPICIOUS_MOVE = YES;
				CLANG_WARN_UNGUARDED_AVAILABILITY = YES_AGGRESSIVE;
				CLANG_WARN_UNREACHABLE_CODE = YES;
				CLANG_WARN__DUPLICATE_METHOD_MATCH = YES;
				CODE_SIGN_IDENTITY = "iPhone Developer";
				COPY_PHASE_STRIP = NO;
				CURRENT_PROJECT_VERSION = 1;
				DEBUG_INFORMATION_FORMAT = "dwarf-with-dsym";
				ENABLE_NS_ASSERTIONS = NO;
				ENABLE_STRICT_OBJC_MSGSEND = YES;
				GCC_C_LANGUAGE_STANDARD = gnu11;
				GCC_NO_COMMON_BLOCKS = YES;
				GCC_WARN_64_TO_32_BIT_CONVERSION = YES;
				GCC_WARN_ABOUT_RETURN_TYPE = YES_ERROR;
				GCC_WARN_UNDECLARED_SELECTOR = YES;
				GCC_WARN_UNINITIALIZED_AUTOS = YES_AGGRESSIVE;
				GCC_WARN_UNUSED_FUNCTION = YES;
				GCC_WARN_UNUSED_VARIABLE = YES;
				IPHONEOS_DEPLOYMENT_TARGET = 12.1;
				MTL_ENABLE_DEBUG_INFO = NO;
				MTL_FAST_MATH = YES;
				SDKROOT = iphoneos;
				SWIFT_COMPILATION_MODE = wholemodule;
				SWIFT_OPTIMIZATION_LEVEL = "-O";
				VALIDATE_PRODUCT = YES;
				VERSIONING_SYSTEM = "apple-generic";
				VERSION_INFO_PREFIX = "";
			};
			name = Release;
		};
		CCCF3CB12226F28B00A7DF69 /* Debug */ = {
			isa = XCBuildConfiguration;
			buildSettings = {
				CLANG_ENABLE_MODULES = YES;
				CODE_SIGN_IDENTITY = "";
				CODE_SIGN_STYLE = Automatic;
				DEFINES_MODULE = YES;
				DYLIB_COMPATIBILITY_VERSION = 1;
				DYLIB_CURRENT_VERSION = 1;
				DYLIB_INSTALL_NAME_BASE = "@rpath";
				INFOPLIST_FILE = "MOA-Swift/Info.plist";
				INSTALL_PATH = "$(LOCAL_LIBRARY_DIR)/Frameworks";
				LD_RUNPATH_SEARCH_PATHS = (
					"$(inherited)",
					"@executable_path/Frameworks",
					"@loader_path/Frameworks",
				);
				PRODUCT_BUNDLE_IDENTIFIER = "com.mdc.MOA-Swift";
				PRODUCT_NAME = "$(TARGET_NAME:c99extidentifier)";
				SKIP_INSTALL = YES;
				SWIFT_OPTIMIZATION_LEVEL = "-Onone";
				SWIFT_VERSION = 4.2;
				TARGETED_DEVICE_FAMILY = "1,2";
			};
			name = Debug;
		};
		CCCF3CB22226F28B00A7DF69 /* Release */ = {
			isa = XCBuildConfiguration;
			buildSettings = {
				CLANG_ENABLE_MODULES = YES;
				CODE_SIGN_IDENTITY = "";
				CODE_SIGN_STYLE = Automatic;
				DEFINES_MODULE = YES;
				DYLIB_COMPATIBILITY_VERSION = 1;
				DYLIB_CURRENT_VERSION = 1;
				DYLIB_INSTALL_NAME_BASE = "@rpath";
				INFOPLIST_FILE = "MOA-Swift/Info.plist";
				INSTALL_PATH = "$(LOCAL_LIBRARY_DIR)/Frameworks";
				LD_RUNPATH_SEARCH_PATHS = (
					"$(inherited)",
					"@executable_path/Frameworks",
					"@loader_path/Frameworks",
				);
				PRODUCT_BUNDLE_IDENTIFIER = "com.mdc.MOA-Swift";
				PRODUCT_NAME = "$(TARGET_NAME:c99extidentifier)";
				SKIP_INSTALL = YES;
				SWIFT_VERSION = 4.2;
				TARGETED_DEVICE_FAMILY = "1,2";
			};
			name = Release;
		};
		CCCF3CB42226F28B00A7DF69 /* Debug */ = {
			isa = XCBuildConfiguration;
			buildSettings = {
				ALWAYS_EMBED_SWIFT_STANDARD_LIBRARIES = YES;
				CODE_SIGN_STYLE = Automatic;
				INFOPLIST_FILE = "MOA-SwiftTests/Info.plist";
				LD_RUNPATH_SEARCH_PATHS = (
					"$(inherited)",
					"@executable_path/Frameworks",
					"@loader_path/Frameworks",
				);
				PRODUCT_BUNDLE_IDENTIFIER = "com.mdc.MOA-SwiftTests";
				PRODUCT_NAME = "$(TARGET_NAME)";
				SWIFT_VERSION = 4.2;
				TARGETED_DEVICE_FAMILY = "1,2";
			};
			name = Debug;
		};
		CCCF3CB52226F28B00A7DF69 /* Release */ = {
			isa = XCBuildConfiguration;
			buildSettings = {
				ALWAYS_EMBED_SWIFT_STANDARD_LIBRARIES = YES;
				CODE_SIGN_STYLE = Automatic;
				INFOPLIST_FILE = "MOA-SwiftTests/Info.plist";
				LD_RUNPATH_SEARCH_PATHS = (
					"$(inherited)",
					"@executable_path/Frameworks",
					"@loader_path/Frameworks",
				);
				PRODUCT_BUNDLE_IDENTIFIER = "com.mdc.MOA-SwiftTests";
				PRODUCT_NAME = "$(TARGET_NAME)";
				SWIFT_VERSION = 4.2;
				TARGETED_DEVICE_FAMILY = "1,2";
			};
			name = Release;
		};
/* End XCBuildConfiguration section */

/* Begin XCConfigurationList section */
		CCCF3C962226F28B00A7DF69 /* Build configuration list for PBXProject "MOA-Swift" */ = {
			isa = XCConfigurationList;
			buildConfigurations = (
				CCCF3CAE2226F28B00A7DF69 /* Debug */,
				CCCF3CAF2226F28B00A7DF69 /* Release */,
			);
			defaultConfigurationIsVisible = 0;
			defaultConfigurationName = Release;
		};
		CCCF3CB02226F28B00A7DF69 /* Build configuration list for PBXNativeTarget "MOA-Swift" */ = {
			isa = XCConfigurationList;
			buildConfigurations = (
				CCCF3CB12226F28B00A7DF69 /* Debug */,
				CCCF3CB22226F28B00A7DF69 /* Release */,
			);
			defaultConfigurationIsVisible = 0;
			defaultConfigurationName = Release;
		};
		CCCF3CB32226F28B00A7DF69 /* Build configuration list for PBXNativeTarget "MOA-SwiftTests" */ = {
			isa = XCConfigurationList;
			buildConfigurations = (
				CCCF3CB42226F28B00A7DF69 /* Debug */,
				CCCF3CB52226F28B00A7DF69 /* Release */,
			);
			defaultConfigurationIsVisible = 0;
			defaultConfigurationName = Release;
		};
/* End XCConfigurationList section */
	};
	rootObject = CCCF3C932226F28B00A7DF69 /* Project object */;
}
